
Microsoft Visual Studio Solution File, Format Version 12.00
# Visual Studio Version 16
VisualStudioVersion = 16.0.30225.117
MinimumVisualStudioVersion = 10.0.40219.1
Project("{FAE04EC0-301F-11D3-BF4B-00C04F79EFBC}") = "TelephoneDirectory", "TelephoneDirectory\TelephoneDirectory.csproj", "{E1E334B9-0B79-4293-81AB-3107A30301C7}"
EndProject
Global
	GlobalSection(SolutionConfigurationPlatforms) = preSolution
		Debug|Any CPU = Debug|Any CPU
		Release|Any CPU = Release|Any CPU
	EndGlobalSection
	GlobalSection(ProjectConfigurationPlatforms) = postSolution
		{E1E334B9-0B79-4293-81AB-3107A30301C7}.Debug|Any CPU.ActiveCfg = Debug|Any CPU
		{E1E334B9-0B79-4293-81AB-3107A30301C7}.Debug|Any CPU.Build.0 = Debug|Any CPU
		{E1E334B9-0B79-4293-81AB-3107A30301C7}.Release|Any CPU.ActiveCfg = Release|Any CPU
		{E1E334B9-0B79-4293-81AB-3107A30301C7}.Release|Any CPU.Build.0 = Release|Any CPU
	EndGlobalSection
	GlobalSection(SolutionProperties) = preSolution
		HideSolutionNode = FALSE
	EndGlobalSection
	GlobalSection(ExtensibilityGlobals) = postSolution
		SolutionGuid = {2878240E-39E0-4B84-A366-CEC0FB558686}
	EndGlobalSection
EndGlobal
